Microsoft Visual Studio Solution File, Format Version 12.00
# Visual Studio Version 17
VisualStudioVersion = 17.5.2.0
MinimumVisualStudioVersion = 10.0.40219.1
Project("{FAE04EC0-301F-11D3-BF4B-00C04F79EFBC}") = "mvcdemo", "mvcdemo.csproj", "{99985ED5-00DA-B7A3-B24D-6A60A9CB60C5}"
EndProject
Global
	GlobalSection(SolutionConfigurationPlatforms) = preSolution
		Debug|Any CPU = Debug|Any CPU
		Release|Any CPU = Release|Any CPU
	EndGlobalSection
	GlobalSection(ProjectConfigurationPlatforms) = postSolution
		{99985ED5-00DA-B7A3-B24D-6A60A9CB60C5}.Debug|Any CPU.ActiveCfg = Debug|Any CPU
		{99985ED5-00DA-B7A3-B24D-6A60A9CB60C5}.Debug|Any CPU.Build.0 = Debug|Any CPU
		{99985ED5-00DA-B7A3-B24D-6A60A9CB60C5}.Release|Any CPU.ActiveCfg = Release|Any CPU
		{99985ED5-00DA-B7A3-B24D-6A60A9CB60C5}.Release|Any CPU.Build.0 = Release|Any CPU
	EndGlobalSection
	GlobalSection(SolutionProperties) = preSolution
		HideSolutionNode = FALSE
	EndGlobalSection
	GlobalSection(ExtensibilityGlobals) = postSolution
		SolutionGuid = {795A5485-9BE8-4B71-91AC-EB1FB17A8CC5}
	EndGlobalSection
EndGlobal
