Microsoft Visual Studio Solution File, Format Version 12.00
# Visual Studio Version 17
VisualStudioVersion = 17.5.2.0
MinimumVisualStudioVersion = 10.0.40219.1
Project("{FAE04EC0-301F-11D3-BF4B-00C04F79EFBC}") = "consoledemo", "consoledemo.csproj", "{8D024039-D1A2-7CF9-F368-2626C7775FE6}"
EndProject
Global
	GlobalSection(SolutionConfigurationPlatforms) = preSolution
		Debug|Any CPU = Debug|Any CPU
		Release|Any CPU = Release|Any CPU
	EndGlobalSection
	GlobalSection(ProjectConfigurationPlatforms) = postSolution
		{8D024039-D1A2-7CF9-F368-2626C7775FE6}.Debug|Any CPU.ActiveCfg = Debug|Any CPU
		{8D024039-D1A2-7CF9-F368-2626C7775FE6}.Debug|Any CPU.Build.0 = Debug|Any CPU
		{8D024039-D1A2-7CF9-F368-2626C7775FE6}.Release|Any CPU.ActiveCfg = Release|Any CPU
		{8D024039-D1A2-7CF9-F368-2626C7775FE6}.Release|Any CPU.Build.0 = Release|Any CPU
	EndGlobalSection
	GlobalSection(SolutionProperties) = preSolution
		HideSolutionNode = FALSE
	EndGlobalSection
	GlobalSection(ExtensibilityGlobals) = postSolution
		SolutionGuid = {52A90FE8-79F9-4E70-806F-4F502FBD5ABD}
	EndGlobalSection
EndGlobal
